// !$*UTF8*$!
{
	archiveVersion = 1;
	classes = {
	};
	objectVersion = 46;
	objects = {

/* Begin PBXBuildFile section */
		0A2C2DEB036106F01C61D161 /* Pods_protoTests.framework in Frameworks */ = {isa = PBXBuildFile; fileRef = 018E4118A7F0C26AF743A4E1 /* Pods_protoTests.framework */; };
		47B51EC947F8E6F6AC571560 /* Pods_protoUITests.framework in Frameworks */ = {isa = PBXBuildFile; fileRef = AF5F4EC9DEEC5086AD361593 /* Pods_protoUITests.framework */; };
		B05A06121DD5368400CE514D /* AppDelegate.swift in Sources */ = {isa = PBXBuildFile; fileRef = B05A06111DD5368400CE514D /* AppDelegate.swift */; };
		B05A06141DD5368400CE514D /* ViewController.swift in Sources */ = {isa = PBXBuildFile; fileRef = B05A06131DD5368400CE514D /* ViewController.swift */; };
		B05A06171DD5368400CE514D /* Main.storyboard in Resources */ = {isa = PBXBuildFile; fileRef = B05A06151DD5368400CE514D /* Main.storyboard */; };
		B05A06191DD5368400CE514D /* Assets.xcassets in Resources */ = {isa = PBXBuildFile; fileRef = B05A06181DD5368400CE514D /* Assets.xcassets */; };
		B05A061C1DD5368400CE514D /* LaunchScreen.storyboard in Resources */ = {isa = PBXBuildFile; fileRef = B05A061A1DD5368400CE514D /* LaunchScreen.storyboard */; };
		B05A06271DD5368500CE514D /* protoTests.swift in Sources */ = {isa = PBXBuildFile; fileRef = B05A06261DD5368500CE514D /* protoTests.swift */; };
		B05A06321DD5368500CE514D /* protoUITests.swift in Sources */ = {isa = PBXBuildFile; fileRef = B05A06311DD5368500CE514D /* protoUITests.swift */; };
		B05A06401DD536D500CE514D /* Podfile in Resources */ = {isa = PBXBuildFile; fileRef = B05A063F1DD536D500CE514D /* Podfile */; };
		B05A06631DD5397000CE514D /* NextLevel+Additions.swift in Sources */ = {isa = PBXBuildFile; fileRef = B05A065B1DD5397000CE514D /* NextLevel+Additions.swift */; };
		B05A06641DD5397000CE514D /* NextLevel+AVFoundation.swift in Sources */ = {isa = PBXBuildFile; fileRef = B05A065C1DD5397000CE514D /* NextLevel+AVFoundation.swift */; };
		B05A06651DD5397000CE514D /* NextLevel+Metadata.swift in Sources */ = {isa = PBXBuildFile; fileRef = B05A065D1DD5397000CE514D /* NextLevel+Metadata.swift */; };
		B05A06661DD5397000CE514D /* NextLevel.swift in Sources */ = {isa = PBXBuildFile; fileRef = B05A065F1DD5397000CE514D /* NextLevel.swift */; };
		B05A06671DD5397000CE514D /* NextLevelClip.swift in Sources */ = {isa = PBXBuildFile; fileRef = B05A06601DD5397000CE514D /* NextLevelClip.swift */; };
		B05A06681DD5397000CE514D /* NextLevelConfiguration.swift in Sources */ = {isa = PBXBuildFile; fileRef = B05A06611DD5397000CE514D /* NextLevelConfiguration.swift */; };
		B05A06691DD5397000CE514D /* NextLevelSession.swift in Sources */ = {isa = PBXBuildFile; fileRef = B05A06621DD5397000CE514D /* NextLevelSession.swift */; };
		B05A066D1DD5397700CE514D /* MKGradientGenerator.swift in Sources */ = {isa = PBXBuildFile; fileRef = B05A066B1DD5397700CE514D /* MKGradientGenerator.swift */; };
		B05A066E1DD5397700CE514D /* MKRingProgressView.swift in Sources */ = {isa = PBXBuildFile; fileRef = B05A066C1DD5397700CE514D /* MKRingProgressView.swift */; };
		B05A068D1DD5398100CE514D /* CameraView.strings in Resources */ = {isa = PBXBuildFile; fileRef = B05A06701DD5398100CE514D /* CameraView.strings */; };
		B05A068E1DD5398100CE514D /* CameraViewAssets.xcassets in Resources */ = {isa = PBXBuildFile; fileRef = B05A06711DD5398100CE514D /* CameraViewAssets.xcassets */; };
		B05A068F1DD5398100CE514D /* CameraGlobals.swift in Sources */ = {isa = PBXBuildFile; fileRef = B05A06731DD5398100CE514D /* CameraGlobals.swift */; };
		B05A06901DD5398100CE514D /* CameraShot.swift in Sources */ = {isa = PBXBuildFile; fileRef = B05A06741DD5398100CE514D /* CameraShot.swift */; };
		B05A06911DD5398100CE514D /* ImageFetcher.swift in Sources */ = {isa = PBXBuildFile; fileRef = B05A06751DD5398100CE514D /* ImageFetcher.swift */; };
		B05A06921DD5398100CE514D /* PhotoLibraryAuthorizer.swift in Sources */ = {isa = PBXBuildFile; fileRef = B05A06761DD5398100CE514D /* PhotoLibraryAuthorizer.swift */; };
		B05A06931DD5398100CE514D /* SingleImageFetcher.swift in Sources */ = {isa = PBXBuildFile; fileRef = B05A06771DD5398100CE514D /* SingleImageFetcher.swift */; };
		B05A06941DD5398100CE514D /* SingleImageSaver.swift in Sources */ = {isa = PBXBuildFile; fileRef = B05A06781DD5398100CE514D /* SingleImageSaver.swift */; };
		B05A06951DD5398100CE514D /* UIButtonExtensions.swift in Sources */ = {isa = PBXBuildFile; fileRef = B05A06791DD5398100CE514D /* UIButtonExtensions.swift */; };
		B05A06961DD5398100CE514D /* UIViewExtensions.swift in Sources */ = {isa = PBXBuildFile; fileRef = B05A067A1DD5398100CE514D /* UIViewExtensions.swift */; };
		B05A06971DD5398100CE514D /* Utilities.swift in Sources */ = {isa = PBXBuildFile; fileRef = B05A067B1DD5398100CE514D /* Utilities.swift */; };
		B05A06981DD5398100CE514D /* VolumeControl.swift in Sources */ = {isa = PBXBuildFile; fileRef = B05A067C1DD5398100CE514D /* VolumeControl.swift */; };
		B05A06991DD5398100CE514D /* CameraViewController.swift in Sources */ = {isa = PBXBuildFile; fileRef = B05A067E1DD5398100CE514D /* CameraViewController.swift */; };
		B05A069A1DD5398100CE514D /* CameraViewControllerConstraint.swift in Sources */ = {isa = PBXBuildFile; fileRef = B05A067F1DD5398100CE514D /* CameraViewControllerConstraint.swift */; };
		B05A069B1DD5398100CE514D /* ConfirmViewController.swift in Sources */ = {isa = PBXBuildFile; fileRef = B05A06801DD5398100CE514D /* ConfirmViewController.swift */; };
		B05A069C1DD5398100CE514D /* ConfirmViewController.xib in Resources */ = {isa = PBXBuildFile; fileRef = B05A06811DD5398100CE514D /* ConfirmViewController.xib */; };
		B05A069D1DD5398100CE514D /* PhotoLibraryViewController.swift in Sources */ = {isa = PBXBuildFile; fileRef = B05A06821DD5398100CE514D /* PhotoLibraryViewController.swift */; };
		B05A069E1DD5398100CE514D /* CameraView.swift in Sources */ = {isa = PBXBuildFile; fileRef = B05A06841DD5398100CE514D /* CameraView.swift */; };
		B05A069F1DD5398100CE514D /* CropOverlay.swift in Sources */ = {isa = PBXBuildFile; fileRef = B05A06851DD5398100CE514D /* CropOverlay.swift */; };
		B05A06A01DD5398100CE514D /* ImageCell.swift in Sources */ = {isa = PBXBuildFile; fileRef = B05A06861DD5398100CE514D /* ImageCell.swift */; };
		B05A06A11DD5398100CE514D /* PermissionsView.swift in Sources */ = {isa = PBXBuildFile; fileRef = B05A06871DD5398100CE514D /* PermissionsView.swift */; };
		B05A06A21DD5398100CE514D /* MKRingProgressGroupButton.swift in Sources */ = {isa = PBXBuildFile; fileRef = B05A06891DD5398100CE514D /* MKRingProgressGroupButton.swift */; };
		B05A06A31DD5398100CE514D /* MKRingProgressGroupResultsView.swift in Sources */ = {isa = PBXBuildFile; fileRef = B05A068A1DD5398100CE514D /* MKRingProgressGroupResultsView.swift */; };
		B05A06A41DD5398100CE514D /* MKRingProgressGroupView.swift in Sources */ = {isa = PBXBuildFile; fileRef = B05A068B1DD5398100CE514D /* MKRingProgressGroupView.swift */; };
		B05A06A51DD5398100CE514D /* MKRingProgressGroupVotingView.swift in Sources */ = {isa = PBXBuildFile; fileRef = B05A068C1DD5398100CE514D /* MKRingProgressGroupVotingView.swift */; };
		B05A06A71DD539A800CE514D /* VideoCameraViewController.swift in Sources */ = {isa = PBXBuildFile; fileRef = B05A06A61DD539A800CE514D /* VideoCameraViewController.swift */; };
		DFDCB47CEF950A2BAD967301 /* Pods_proto.framework in Frameworks */ = {isa = PBXBuildFile; fileRef = 698E0B2B5D162E8F18556010 /* Pods_proto.framework */; };
/* End PBXBuildFile section */

/* Begin PBXContainerItemProxy section */
		B05A06231DD5368500CE514D /* PBXContainerItemProxy */ = {
			isa = PBXContainerItemProxy;
			containerPortal = B05A06061DD5368400CE514D /* Project object */;
			proxyType = 1;
			remoteGlobalIDString = B05A060D1DD5368400CE514D;
			remoteInfo = proto;
		};
		B05A062E1DD5368500CE514D /* PBXContainerItemProxy */ = {
			isa = PBXContainerItemProxy;
			containerPortal = B05A06061DD5368400CE514D /* Project object */;
			proxyType = 1;
			remoteGlobalIDString = B05A060D1DD5368400CE514D;
			remoteInfo = proto;
		};
/* End PBXContainerItemProxy section */

/* Begin PBXFileReference section */
		018E4118A7F0C26AF743A4E1 /* Pods_protoTests.framework */ = {isa = PBXFileReference; explicitFileType = wrapper.framework; includeInIndex = 0; path = Pods_protoTests.framework; sourceTree = BUILT_PRODUCTS_DIR; };
		0A685E5B5DDAD463821247BA /* Pods-proto.debug.xcconfig */ = {isa = PBXFileReference; includeInIndex = 1; lastKnownFileType = text.xcconfig; name = "Pods-proto.debug.xcconfig"; path = "proto/Configuration/Pods/Target Support Files/Pods-proto/Pods-proto.debug.xcconfig"; sourceTree = "<group>"; };
		0DC16FAB0E32EC01D79FC868 /* Pods-protoTests.release.xcconfig */ = {isa = PBXFileReference; includeInIndex = 1; lastKnownFileType = text.xcconfig; name = "Pods-protoTests.release.xcconfig"; path = "proto/Configuration/Pods/Target Support Files/Pods-protoTests/Pods-protoTests.release.xcconfig"; sourceTree = "<group>"; };
		58E2F5A09AD812B577F0B8DD /* Pods-protoTests.debug.xcconfig */ = {isa = PBXFileReference; includeInIndex = 1; lastKnownFileType = text.xcconfig; name = "Pods-protoTests.debug.xcconfig"; path = "proto/Configuration/Pods/Target Support Files/Pods-protoTests/Pods-protoTests.debug.xcconfig"; sourceTree = "<group>"; };
		698E0B2B5D162E8F18556010 /* Pods_proto.framework */ = {isa = PBXFileReference; explicitFileType = wrapper.framework; includeInIndex = 0; path = Pods_proto.framework; sourceTree = BUILT_PRODUCTS_DIR; };
		A9301D5648DB4480A63C77F5 /* Pods-protoUITests.debug.xcconfig */ = {isa = PBXFileReference; includeInIndex = 1; lastKnownFileType = text.xcconfig; name = "Pods-protoUITests.debug.xcconfig"; path = "proto/Configuration/Pods/Target Support Files/Pods-protoUITests/Pods-protoUITests.debug.xcconfig"; sourceTree = "<group>"; };
		AF5F4EC9DEEC5086AD361593 /* Pods_protoUITests.framework */ = {isa = PBXFileReference; explicitFileType = wrapper.framework; includeInIndex = 0; path = Pods_protoUITests.framework; sourceTree = BUILT_PRODUCTS_DIR; };
		B05A060E1DD5368400CE514D /* proto.app */ = {isa = PBXFileReference; explicitFileType = wrapper.application; includeInIndex = 0; path = proto.app; sourceTree = BUILT_PRODUCTS_DIR; };
		B05A06111DD5368400CE514D /* AppDelegate.swift */ = {isa = PBXFileReference; lastKnownFileType = sourcecode.swift; path = AppDelegate.swift; sourceTree = "<group>"; };
		B05A06131DD5368400CE514D /* ViewController.swift */ = {isa = PBXFileReference; lastKnownFileType = sourcecode.swift; path = ViewController.swift; sourceTree = "<group>"; };
		B05A06161DD5368400CE514D /* Base */ = {isa = PBXFileReference; lastKnownFileType = file.storyboard; name = Base; path = Base.lproj/Main.storyboard; sourceTree = "<group>"; };
		B05A06181DD5368400CE514D /* Assets.xcassets */ = {isa = PBXFileReference; lastKnownFileType = folder.assetcatalog; path = Assets.xcassets; sourceTree = "<group>"; };
		B05A061B1DD5368400CE514D /* Base */ = {isa = PBXFileReference; lastKnownFileType = file.storyboard; name = Base; path = Base.lproj/LaunchScreen.storyboard; sourceTree = "<group>"; };
		B05A061D1DD5368400CE514D /* Info.plist */ = {isa = PBXFileReference; lastKnownFileType = text.plist.xml; path = Info.plist; sourceTree = "<group>"; };
		B05A06221DD5368500CE514D /* protoTests.xctest */ = {isa = PBXFileReference; explicitFileType = wrapper.cfbundle; includeInIndex = 0; path = protoTests.xctest; sourceTree = BUILT_PRODUCTS_DIR; };
		B05A06261DD5368500CE514D /* protoTests.swift */ = {isa = PBXFileReference; lastKnownFileType = sourcecode.swift; path = protoTests.swift; sourceTree = "<group>"; };
		B05A06281DD5368500CE514D /* Info.plist */ = {isa = PBXFileReference; lastKnownFileType = text.plist.xml; path = Info.plist; sourceTree = "<group>"; };
		B05A062D1DD5368500CE514D /* protoUITests.xctest */ = {isa = PBXFileReference; explicitFileType = wrapper.cfbundle; includeInIndex = 0; path = protoUITests.xctest; sourceTree = BUILT_PRODUCTS_DIR; };
		B05A06311DD5368500CE514D /* protoUITests.swift */ = {isa = PBXFileReference; lastKnownFileType = sourcecode.swift; path = protoUITests.swift; sourceTree = "<group>"; };
		B05A06331DD5368500CE514D /* Info.plist */ = {isa = PBXFileReference; lastKnownFileType = text.plist.xml; path = Info.plist; sourceTree = "<group>"; };
		B05A063F1DD536D500CE514D /* Podfile */ = {isa = PBXFileReference; fileEncoding = 4; lastKnownFileType = text; path = Podfile; sourceTree = "<group>"; };
		B05A065B1DD5397000CE514D /* NextLevel+Additions.swift */ = {isa = PBXFileReference; fileEncoding = 4; lastKnownFileType = sourcecode.swift; path = "NextLevel+Additions.swift"; sourceTree = "<group>"; };
		B05A065C1DD5397000CE514D /* NextLevel+AVFoundation.swift */ = {isa = PBXFileReference; fileEncoding = 4; lastKnownFileType = sourcecode.swift; path = "NextLevel+AVFoundation.swift"; sourceTree = "<group>"; };
		B05A065D1DD5397000CE514D /* NextLevel+Metadata.swift */ = {isa = PBXFileReference; fileEncoding = 4; lastKnownFileType = sourcecode.swift; path = "NextLevel+Metadata.swift"; sourceTree = "<group>"; };
		B05A065E1DD5397000CE514D /* NextLevel.h */ = {isa = PBXFileReference; fileEncoding = 4; lastKnownFileType = sourcecode.c.h; path = NextLevel.h; sourceTree = "<group>"; };
		B05A065F1DD5397000CE514D /* NextLevel.swift */ = {isa = PBXFileReference; fileEncoding = 4; lastKnownFileType = sourcecode.swift; path = NextLevel.swift; sourceTree = "<group>"; };
		B05A06601DD5397000CE514D /* NextLevelClip.swift */ = {isa = PBXFileReference; fileEncoding = 4; lastKnownFileType = sourcecode.swift; path = NextLevelClip.swift; sourceTree = "<group>"; };
		B05A06611DD5397000CE514D /* NextLevelConfiguration.swift */ = {isa = PBXFileReference; fileEncoding = 4; lastKnownFileType = sourcecode.swift; path = NextLevelConfiguration.swift; sourceTree = "<group>"; };
		B05A06621DD5397000CE514D /* NextLevelSession.swift */ = {isa = PBXFileReference; fileEncoding = 4; lastKnownFileType = sourcecode.swift; path = NextLevelSession.swift; sourceTree = "<group>"; };
		B05A066B1DD5397700CE514D /* MKGradientGenerator.swift */ = {isa = PBXFileReference; fileEncoding = 4; lastKnownFileType = sourcecode.swift; path = MKGradientGenerator.swift; sourceTree = "<group>"; };
		B05A066C1DD5397700CE514D /* MKRingProgressView.swift */ = {isa = PBXFileReference; fileEncoding = 4; lastKnownFileType = sourcecode.swift; path = MKRingProgressView.swift; sourceTree = "<group>"; };
		B05A06701DD5398100CE514D /* CameraView.strings */ = {isa = PBXFileReference; fileEncoding = 4; lastKnownFileType = text.plist.strings; path = CameraView.strings; sourceTree = "<group>"; };
		B05A06711DD5398100CE514D /* CameraViewAssets.xcassets */ = {isa = PBXFileReference; lastKnownFileType = folder.assetcatalog; path = CameraViewAssets.xcassets; sourceTree = "<group>"; };
		B05A06731DD5398100CE514D /* CameraGlobals.swift */ = {isa = PBXFileReference; fileEncoding = 4; lastKnownFileType = sourcecode.swift; path = CameraGlobals.swift; sourceTree = "<group>"; };
		B05A06741DD5398100CE514D /* CameraShot.swift */ = {isa = PBXFileReference; fileEncoding = 4; lastKnownFileType = sourcecode.swift; path = CameraShot.swift; sourceTree = "<group>"; };
		B05A06751DD5398100CE514D /* ImageFetcher.swift */ = {isa = PBXFileReference; fileEncoding = 4; lastKnownFileType = sourcecode.swift; path = ImageFetcher.swift; sourceTree = "<group>"; };
		B05A06761DD5398100CE514D /* PhotoLibraryAuthorizer.swift */ = {isa = PBXFileReference; fileEncoding = 4; lastKnownFileType = sourcecode.swift; path = PhotoLibraryAuthorizer.swift; sourceTree = "<group>"; };
		B05A06771DD5398100CE514D /* SingleImageFetcher.swift */ = {isa = PBXFileReference; fileEncoding = 4; lastKnownFileType = sourcecode.swift; path = SingleImageFetcher.swift; sourceTree = "<group>"; };
		B05A06781DD5398100CE514D /* SingleImageSaver.swift */ = {isa = PBXFileReference; fileEncoding = 4; lastKnownFileType = sourcecode.swift; path = SingleImageSaver.swift; sourceTree = "<group>"; };
		B05A06791DD5398100CE514D /* UIButtonExtensions.swift */ = {isa = PBXFileReference; fileEncoding = 4; lastKnownFileType = sourcecode.swift; path = UIButtonExtensions.swift; sourceTree = "<group>"; };
		B05A067A1DD5398100CE514D /* UIViewExtensions.swift */ = {isa = PBXFileReference; fileEncoding = 4; lastKnownFileType = sourcecode.swift; path = UIViewExtensions.swift; sourceTree = "<group>"; };
		B05A067B1DD5398100CE514D /* Utilities.swift */ = {isa = PBXFileReference; fileEncoding = 4; lastKnownFileType = sourcecode.swift; path = Utilities.swift; sourceTree = "<group>"; };
		B05A067C1DD5398100CE514D /* VolumeControl.swift */ = {isa = PBXFileReference; fileEncoding = 4; lastKnownFileType = sourcecode.swift; path = VolumeControl.swift; sourceTree = "<group>"; };
		B05A067E1DD5398100CE514D /* CameraViewController.swift */ = {isa = PBXFileReference; fileEncoding = 4; lastKnownFileType = sourcecode.swift; path = CameraViewController.swift; sourceTree = "<group>"; };
		B05A067F1DD5398100CE514D /* CameraViewControllerConstraint.swift */ = {isa = PBXFileReference; fileEncoding = 4; lastKnownFileType = sourcecode.swift; path = CameraViewControllerConstraint.swift; sourceTree = "<group>"; };
		B05A06801DD5398100CE514D /* ConfirmViewController.swift */ = {isa = PBXFileReference; fileEncoding = 4; lastKnownFileType = sourcecode.swift; path = ConfirmViewController.swift; sourceTree = "<group>"; };
		B05A06811DD5398100CE514D /* ConfirmViewController.xib */ = {isa = PBXFileReference; fileEncoding = 4; lastKnownFileType = file.xib; path = ConfirmViewController.xib; sourceTree = "<group>"; };
		B05A06821DD5398100CE514D /* PhotoLibraryViewController.swift */ = {isa = PBXFileReference; fileEncoding = 4; lastKnownFileType = sourcecode.swift; path = PhotoLibraryViewController.swift; sourceTree = "<group>"; };
		B05A06841DD5398100CE514D /* CameraView.swift */ = {isa = PBXFileReference; fileEncoding = 4; lastKnownFileType = sourcecode.swift; path = CameraView.swift; sourceTree = "<group>"; };
		B05A06851DD5398100CE514D /* CropOverlay.swift */ = {isa = PBXFileReference; fileEncoding = 4; lastKnownFileType = sourcecode.swift; path = CropOverlay.swift; sourceTree = "<group>"; };
		B05A06861DD5398100CE514D /* ImageCell.swift */ = {isa = PBXFileReference; fileEncoding = 4; lastKnownFileType = sourcecode.swift; path = ImageCell.swift; sourceTree = "<group>"; };
		B05A06871DD5398100CE514D /* PermissionsView.swift */ = {isa = PBXFileReference; fileEncoding = 4; lastKnownFileType = sourcecode.swift; path = PermissionsView.swift; sourceTree = "<group>"; };
		B05A06891DD5398100CE514D /* MKRingProgressGroupButton.swift */ = {isa = PBXFileReference; fileEncoding = 4; lastKnownFileType = sourcecode.swift; path = MKRingProgressGroupButton.swift; sourceTree = "<group>"; };
		B05A068A1DD5398100CE514D /* MKRingProgressGroupResultsView.swift */ = {isa = PBXFileReference; fileEncoding = 4; lastKnownFileType = sourcecode.swift; path = MKRingProgressGroupResultsView.swift; sourceTree = "<group>"; };
		B05A068B1DD5398100CE514D /* MKRingProgressGroupView.swift */ = {isa = PBXFileReference; fileEncoding = 4; lastKnownFileType = sourcecode.swift; path = MKRingProgressGroupView.swift; sourceTree = "<group>"; };
		B05A068C1DD5398100CE514D /* MKRingProgressGroupVotingView.swift */ = {isa = PBXFileReference; fileEncoding = 4; lastKnownFileType = sourcecode.swift; path = MKRingProgressGroupVotingView.swift; sourceTree = "<group>"; };
		B05A06A61DD539A800CE514D /* VideoCameraViewController.swift */ = {isa = PBXFileReference; fileEncoding = 4; lastKnownFileType = sourcecode.swift; path = VideoCameraViewController.swift; sourceTree = "<group>"; };
		EDDC1D1E7CEC64A24580297E /* Pods-proto.release.xcconfig */ = {isa = PBXFileReference; includeInIndex = 1; lastKnownFileType = text.xcconfig; name = "Pods-proto.release.xcconfig"; path = "proto/Configuration/Pods/Target Support Files/Pods-proto/Pods-proto.release.xcconfig"; sourceTree = "<group>"; };
		F288DDD949D591419079C4F9 /* Pods-protoUITests.release.xcconfig */ = {isa = PBXFileReference; includeInIndex = 1; lastKnownFileType = text.xcconfig; name = "Pods-protoUITests.release.xcconfig"; path = "proto/Configuration/Pods/Target Support Files/Pods-protoUITests/Pods-protoUITests.release.xcconfig"; sourceTree = "<group>"; };
/* End PBXFileReference section */

/* Begin PBXFrameworksBuildPhase section */
		B05A060B1DD5368400CE514D /* Frameworks */ = {
			isa = PBXFrameworksBuildPhase;
			buildActionMask = 2147483647;
			files = (
				DFDCB47CEF950A2BAD967301 /* Pods_proto.framework in Frameworks */,
			);
			runOnlyForDeploymentPostprocessing = 0;
		};
		B05A061F1DD5368500CE514D /* Frameworks */ = {
			isa = PBXFrameworksBuildPhase;
			buildActionMask = 2147483647;
			files = (
				0A2C2DEB036106F01C61D161 /* Pods_protoTests.framework in Frameworks */,
			);
			runOnlyForDeploymentPostprocessing = 0;
		};
		B05A062A1DD5368500CE514D /* Frameworks */ = {
			isa = PBXFrameworksBuildPhase;
			buildActionMask = 2147483647;
			files = (
				47B51EC947F8E6F6AC571560 /* Pods_protoUITests.framework in Frameworks */,
			);
			runOnlyForDeploymentPostprocessing = 0;
		};
/* End PBXFrameworksBuildPhase section */

/* Begin PBXGroup section */
		6B14C3B784F70DA73AD64D41 /* Frameworks */ = {
			isa = PBXGroup;
			children = (
				698E0B2B5D162E8F18556010 /* Pods_proto.framework */,
				018E4118A7F0C26AF743A4E1 /* Pods_protoTests.framework */,
				AF5F4EC9DEEC5086AD361593 /* Pods_protoUITests.framework */,
			);
			name = Frameworks;
			sourceTree = "<group>";
		};
		8C7AD9BBDB3D178A83159DC3 /* Pods */ = {
			isa = PBXGroup;
			children = (
				0A685E5B5DDAD463821247BA /* Pods-proto.debug.xcconfig */,
				EDDC1D1E7CEC64A24580297E /* Pods-proto.release.xcconfig */,
				58E2F5A09AD812B577F0B8DD /* Pods-protoTests.debug.xcconfig */,
				0DC16FAB0E32EC01D79FC868 /* Pods-protoTests.release.xcconfig */,
				A9301D5648DB4480A63C77F5 /* Pods-protoUITests.debug.xcconfig */,
				F288DDD949D591419079C4F9 /* Pods-protoUITests.release.xcconfig */,
			);
			name = Pods;
			sourceTree = "<group>";
		};
		B05A06051DD5368400CE514D = {
			isa = PBXGroup;
			children = (
				B05A060F1DD5368400CE514D /* Products */,
				B05A06101DD5368400CE514D /* proto */,
				B05A06251DD5368500CE514D /* protoTests */,
				B05A06301DD5368500CE514D /* protoUITests */,
				8C7AD9BBDB3D178A83159DC3 /* Pods */,
				6B14C3B784F70DA73AD64D41 /* Frameworks */,
			);
			sourceTree = "<group>";
		};
		B05A060F1DD5368400CE514D /* Products */ = {
			isa = PBXGroup;
			children = (
				B05A060E1DD5368400CE514D /* proto.app */,
				B05A06221DD5368500CE514D /* protoTests.xctest */,
				B05A062D1DD5368500CE514D /* protoUITests.xctest */,
			);
			name = Products;
			sourceTree = "<group>";
		};
		B05A06101DD5368400CE514D /* proto */ = {
			isa = PBXGroup;
			children = (
				B05A06471DD5387700CE514D /* Libraries */,
				B05A06421DD5371600CE514D /* Application */,
				B05A06411DD536FC00CE514D /* Configuration */,
				B05A06431DD5371E00CE514D /* Controllers */,
				B05A06441DD5373200CE514D /* Supporting */,
				B05A06451DD5373B00CE514D /* Views */,
			);
			path = proto;
			sourceTree = "<group>";
		};
		B05A06251DD5368500CE514D /* protoTests */ = {
			isa = PBXGroup;
			children = (
				B05A06281DD5368500CE514D /* Info.plist */,
				B05A06261DD5368500CE514D /* protoTests.swift */,
			);
			path = protoTests;
			sourceTree = "<group>";
		};
		B05A06301DD5368500CE514D /* protoUITests */ = {
			isa = PBXGroup;
			children = (
				B05A06331DD5368500CE514D /* Info.plist */,
				B05A06311DD5368500CE514D /* protoUITests.swift */,
			);
			path = protoUITests;
			sourceTree = "<group>";
		};
		B05A06411DD536FC00CE514D /* Configuration */ = {
			isa = PBXGroup;
			children = (
				B05A061D1DD5368400CE514D /* Info.plist */,
				B05A063F1DD536D500CE514D /* Podfile */,
			);
			path = Configuration;
			sourceTree = "<group>";
		};
		B05A06421DD5371600CE514D /* Application */ = {
			isa = PBXGroup;
			children = (
				B05A06111DD5368400CE514D /* AppDelegate.swift */,
			);
			path = Application;
			sourceTree = "<group>";
		};
		B05A06431DD5371E00CE514D /* Controllers */ = {
			isa = PBXGroup;
			children = (
				B05A06131DD5368400CE514D /* ViewController.swift */,
				B05A06A61DD539A800CE514D /* VideoCameraViewController.swift */,
			);
			path = Controllers;
			sourceTree = "<group>";
		};
		B05A06441DD5373200CE514D /* Supporting */ = {
			isa = PBXGroup;
			children = (
				B05A06181DD5368400CE514D /* Assets.xcassets */,
			);
			path = Supporting;
			sourceTree = "<group>";
		};
		B05A06451DD5373B00CE514D /* Views */ = {
			isa = PBXGroup;
			children = (
				B05A06461DD5374100CE514D /* Storyboards */,
			);
			path = Views;
			sourceTree = "<group>";
		};
		B05A06461DD5374100CE514D /* Storyboards */ = {
			isa = PBXGroup;
			children = (
				B05A061A1DD5368400CE514D /* LaunchScreen.storyboard */,
				B05A06151DD5368400CE514D /* Main.storyboard */,
			);
			path = Storyboards;
			sourceTree = "<group>";
		};
		B05A06471DD5387700CE514D /* Libraries */ = {
			isa = PBXGroup;
			children = (
				B05A066F1DD5398100CE514D /* ALCameraViewController */,
				B05A06881DD5398100CE514D /* MKRingProgressGroup */,
				B05A066A1DD5397700CE514D /* MKRingProgressView */,
				B05A06481DD5389800CE514D /* NextLevel */,
			);
			name = Libraries;
			sourceTree = "<group>";
		};
		B05A06481DD5389800CE514D /* NextLevel */ = {
			isa = PBXGroup;
			children = (
				B05A065A1DD5397000CE514D /* Sources */,
			);
			name = NextLevel;
			sourceTree = "<group>";
		};
		B05A065A1DD5397000CE514D /* Sources */ = {
			isa = PBXGroup;
			children = (
				B05A065B1DD5397000CE514D /* NextLevel+Additions.swift */,
				B05A065C1DD5397000CE514D /* NextLevel+AVFoundation.swift */,
				B05A065D1DD5397000CE514D /* NextLevel+Metadata.swift */,
				B05A065E1DD5397000CE514D /* NextLevel.h */,
				B05A065F1DD5397000CE514D /* NextLevel.swift */,
				B05A06601DD5397000CE514D /* NextLevelClip.swift */,
				B05A06611DD5397000CE514D /* NextLevelConfiguration.swift */,
				B05A06621DD5397000CE514D /* NextLevelSession.swift */,
			);
			name = Sources;
			path = Libraries/NextLevel/Sources;
			sourceTree = "<group>";
		};
		B05A066A1DD5397700CE514D /* MKRingProgressView */ = {
			isa = PBXGroup;
			children = (
				B05A066B1DD5397700CE514D /* MKGradientGenerator.swift */,
				B05A066C1DD5397700CE514D /* MKRingProgressView.swift */,
			);
			name = MKRingProgressView;
			path = Libraries/MKRingProgressView;
			sourceTree = "<group>";
		};
		B05A066F1DD5398100CE514D /* ALCameraViewController */ = {
			isa = PBXGroup;
			children = (
				B05A06701DD5398100CE514D /* CameraView.strings */,
				B05A06711DD5398100CE514D /* CameraViewAssets.xcassets */,
				B05A06721DD5398100CE514D /* Utilities */,
				B05A067D1DD5398100CE514D /* ViewController */,
				B05A06831DD5398100CE514D /* Views */,
			);
			name = ALCameraViewController;
			path = Libraries/ALCameraViewController;
			sourceTree = "<group>";
		};
		B05A06721DD5398100CE514D /* Utilities */ = {
			isa = PBXGroup;
			children = (
				B05A06731DD5398100CE514D /* CameraGlobals.swift */,
				B05A06741DD5398100CE514D /* CameraShot.swift */,
				B05A06751DD5398100CE514D /* ImageFetcher.swift */,
				B05A06761DD5398100CE514D /* PhotoLibraryAuthorizer.swift */,
				B05A06771DD5398100CE514D /* SingleImageFetcher.swift */,
				B05A06781DD5398100CE514D /* SingleImageSaver.swift */,
				B05A06791DD5398100CE514D /* UIButtonExtensions.swift */,
				B05A067A1DD5398100CE514D /* UIViewExtensions.swift */,
				B05A067B1DD5398100CE514D /* Utilities.swift */,
				B05A067C1DD5398100CE514D /* VolumeControl.swift */,
			);
			path = Utilities;
			sourceTree = "<group>";
		};
		B05A067D1DD5398100CE514D /* ViewController */ = {
			isa = PBXGroup;
			children = (
				B05A067E1DD5398100CE514D /* CameraViewController.swift */,
				B05A067F1DD5398100CE514D /* CameraViewControllerConstraint.swift */,
				B05A06801DD5398100CE514D /* ConfirmViewController.swift */,
				B05A06811DD5398100CE514D /* ConfirmViewController.xib */,
				B05A06821DD5398100CE514D /* PhotoLibraryViewController.swift */,
			);
			path = ViewController;
			sourceTree = "<group>";
		};
		B05A06831DD5398100CE514D /* Views */ = {
			isa = PBXGroup;
			children = (
				B05A06841DD5398100CE514D /* CameraView.swift */,
				B05A06851DD5398100CE514D /* CropOverlay.swift */,
				B05A06861DD5398100CE514D /* ImageCell.swift */,
				B05A06871DD5398100CE514D /* PermissionsView.swift */,
			);
			path = Views;
			sourceTree = "<group>";
		};
		B05A06881DD5398100CE514D /* MKRingProgressGroup */ = {
			isa = PBXGroup;
			children = (
				B05A06891DD5398100CE514D /* MKRingProgressGroupButton.swift */,
				B05A068A1DD5398100CE514D /* MKRingProgressGroupResultsView.swift */,
				B05A068B1DD5398100CE514D /* MKRingProgressGroupView.swift */,
				B05A068C1DD5398100CE514D /* MKRingProgressGroupVotingView.swift */,
			);
			name = MKRingProgressGroup;
			path = Libraries/MKRingProgressGroup;
			sourceTree = "<group>";
		};
/* End PBXGroup section */

/* Begin PBXNativeTarget section */
		B05A060D1DD5368400CE514D /* proto */ = {
			isa = PBXNativeTarget;
			buildConfigurationList = B05A06361DD5368500CE514D /* Build configuration list for PBXNativeTarget "proto" */;
			buildPhases = (
				483C3186FE0EDCF7B1843470 /* [CP] Check Pods Manifest.lock */,
				B05A060A1DD5368400CE514D /* Sources */,
				B05A060B1DD5368400CE514D /* Frameworks */,
				B05A060C1DD5368400CE514D /* Resources */,
				E4DB31B41CA9C2F8D4A9689D /* [CP] Embed Pods Frameworks */,
				1FF11384CD504F7D450F89B2 /* [CP] Copy Pods Resources */,
			);
			buildRules = (
			);
			dependencies = (
			);
			name = proto;
			productName = proto;
			productReference = B05A060E1DD5368400CE514D /* proto.app */;
			productType = "com.apple.product-type.application";
		};
		B05A06211DD5368500CE514D /* protoTests */ = {
			isa = PBXNativeTarget;
			buildConfigurationList = B05A06391DD5368500CE514D /* Build configuration list for PBXNativeTarget "protoTests" */;
			buildPhases = (
				C723F2470D3EC95C9A22B784 /* [CP] Check Pods Manifest.lock */,
				B05A061E1DD5368500CE514D /* Sources */,
				B05A061F1DD5368500CE514D /* Frameworks */,
				B05A06201DD5368500CE514D /* Resources */,
				AF2ECD26F00A3DABFB5EECF2 /* [CP] Embed Pods Frameworks */,
				D2133AF4C3FB6EE860D33F4A /* [CP] Copy Pods Resources */,
			);
			buildRules = (
			);
			dependencies = (
				B05A06241DD5368500CE514D /* PBXTargetDependency */,
			);
			name = protoTests;
			productName = protoTests;
			productReference = B05A06221DD5368500CE514D /* protoTests.xctest */;
			productType = "com.apple.product-type.bundle.unit-test";
		};
		B05A062C1DD5368500CE514D /* protoUITests */ = {
			isa = PBXNativeTarget;
			buildConfigurationList = B05A063C1DD5368500CE514D /* Build configuration list for PBXNativeTarget "protoUITests" */;
			buildPhases = (
				45C3C5FC516BDA9A9495366A /* [CP] Check Pods Manifest.lock */,
				B05A06291DD5368500CE514D /* Sources */,
				B05A062A1DD5368500CE514D /* Frameworks */,
				B05A062B1DD5368500CE514D /* Resources */,
				9508D3BD93D9494942F2A903 /* [CP] Copy Pods Resources */,
			);
			buildRules = (
			);
			dependencies = (
				B05A062F1DD5368500CE514D /* PBXTargetDependency */,
			);
			name = protoUITests;
			productName = protoUITests;
			productReference = B05A062D1DD5368500CE514D /* protoUITests.xctest */;
			productType = "com.apple.product-type.bundle.ui-testing";
		};
/* End PBXNativeTarget section */

/* Begin PBXProject section */
		B05A06061DD5368400CE514D /* Project object */ = {
			isa = PBXProject;
			attributes = {
				LastSwiftUpdateCheck = 0810;
				LastUpgradeCheck = 0810;
				ORGANIZATIONNAME = "Alexander Murphy";
				TargetAttributes = {
					B05A060D1DD5368400CE514D = {
						CreatedOnToolsVersion = 8.1;
						DevelopmentTeam = 9L49SS68XP;
						ProvisioningStyle = Automatic;
					};
					B05A06211DD5368500CE514D = {
						CreatedOnToolsVersion = 8.1;
						DevelopmentTeam = 9L49SS68XP;
						ProvisioningStyle = Automatic;
						TestTargetID = B05A060D1DD5368400CE514D;
					};
					B05A062C1DD5368500CE514D = {
						CreatedOnToolsVersion = 8.1;
						DevelopmentTeam = 9L49SS68XP;
						ProvisioningStyle = Automatic;
						TestTargetID = B05A060D1DD5368400CE514D;
					};
				};
			};
			buildConfigurationList = B05A06091DD5368400CE514D /* Build configuration list for PBXProject "proto" */;
			compatibilityVersion = "Xcode 3.2";
			developmentRegion = English;
			hasScannedForEncodings = 0;
			knownRegions = (
				en,
				Base,
			);
			mainGroup = B05A06051DD5368400CE514D;
			productRefGroup = B05A060F1DD5368400CE514D /* Products */;
			projectDirPath = "";
			projectRoot = "";
			targets = (
				B05A060D1DD5368400CE514D /* proto */,
				B05A06211DD5368500CE514D /* protoTests */,
				B05A062C1DD5368500CE514D /* protoUITests */,
			);
		};
/* End PBXProject section */

/* Begin PBXResourcesBuildPhase section */
		B05A060C1DD5368400CE514D /* Resources */ = {
			isa = PBXResourcesBuildPhase;
			buildActionMask = 2147483647;
			files = (
				B05A069C1DD5398100CE514D /* ConfirmViewController.xib in Resources */,
				B05A061C1DD5368400CE514D /* LaunchScreen.storyboard in Resources */,
				B05A06191DD5368400CE514D /* Assets.xcassets in Resources */,
				B05A068D1DD5398100CE514D /* CameraView.strings in Resources */,
				B05A06401DD536D500CE514D /* Podfile in Resources */,
				B05A068E1DD5398100CE514D /* CameraViewAssets.xcassets in Resources */,
				B05A06171DD5368400CE514D /* Main.storyboard in Resources */,
			);
			runOnlyForDeploymentPostprocessing = 0;
		};
		B05A06201DD5368500CE514D /* Resources */ = {
			isa = PBXResourcesBuildPhase;
			buildActionMask = 2147483647;
			files = (
			);
			runOnlyForDeploymentPostprocessing = 0;
		};
		B05A062B1DD5368500CE514D /* Resources */ = {
			isa = PBXResourcesBuildPhase;
			buildActionMask = 2147483647;
			files = (
			);
			runOnlyForDeploymentPostprocessing = 0;
		};
/* End PBXResourcesBuildPhase section */

/* Begin PBXShellScriptBuildPhase section */
		1FF11384CD504F7D450F89B2 /* [CP] Copy Pods Resources */ = {
			isa = PBXShellScriptBuildPhase;
			buildActionMask = 2147483647;
			files = (
			);
			inputPaths = (
			);
			name = "[CP] Copy Pods Resources";
			outputPaths = (
			);
			runOnlyForDeploymentPostprocessing = 0;
			shellPath = /bin/sh;
			shellScript = "\"${SRCROOT}/proto/Configuration/Pods/Target Support Files/Pods-proto/Pods-proto-resources.sh\"\n";
			showEnvVarsInLog = 0;
		};
		45C3C5FC516BDA9A9495366A /* [CP] Check Pods Manifest.lock */ = {
			isa = PBXShellScriptBuildPhase;
			buildActionMask = 2147483647;
			files = (
			);
			inputPaths = (
			);
			name = "[CP] Check Pods Manifest.lock";
			outputPaths = (
			);
			runOnlyForDeploymentPostprocessing = 0;
			shellPath = /bin/sh;
			shellScript = "diff \"${PODS_ROOT}/../Podfile.lock\" \"${PODS_ROOT}/Manifest.lock\" > /dev/null\nif [[ $? != 0 ]] ; then\n    cat << EOM\nerror: The sandbox is not in sync with the Podfile.lock. Run 'pod install' or update your CocoaPods installation.\nEOM\n    exit 1\nfi\n";
			showEnvVarsInLog = 0;
		};
		483C3186FE0EDCF7B1843470 /* [CP] Check Pods Manifest.lock */ = {
			isa = PBXShellScriptBuildPhase;
			buildActionMask = 2147483647;
			files = (
			);
			inputPaths = (
			);
			name = "[CP] Check Pods Manifest.lock";
			outputPaths = (
			);
			runOnlyForDeploymentPostprocessing = 0;
			shellPath = /bin/sh;
			shellScript = "diff \"${PODS_ROOT}/../Podfile.lock\" \"${PODS_ROOT}/Manifest.lock\" > /dev/null\nif [[ $? != 0 ]] ; then\n    cat << EOM\nerror: The sandbox is not in sync with the Podfile.lock. Run 'pod install' or update your CocoaPods installation.\nEOM\n    exit 1\nfi\n";
			showEnvVarsInLog = 0;
		};
		9508D3BD93D9494942F2A903 /* [CP] Copy Pods Resources */ = {
			isa = PBXShellScriptBuildPhase;
			buildActionMask = 2147483647;
			files = (
			);
			inputPaths = (
			);
			name = "[CP] Copy Pods Resources";
			outputPaths = (
			);
			runOnlyForDeploymentPostprocessing = 0;
			shellPath = /bin/sh;
			shellScript = "\"${SRCROOT}/proto/Configuration/Pods/Target Support Files/Pods-protoUITests/Pods-protoUITests-resources.sh\"\n";
			showEnvVarsInLog = 0;
		};
		AF2ECD26F00A3DABFB5EECF2 /* [CP] Embed Pods Frameworks */ = {
			isa = PBXShellScriptBuildPhase;
			buildActionMask = 2147483647;
			files = (
			);
			inputPaths = (
			);
			name = "[CP] Embed Pods Frameworks";
			outputPaths = (
			);
			runOnlyForDeploymentPostprocessing = 0;
			shellPath = /bin/sh;
			shellScript = "\"${SRCROOT}/proto/Configuration/Pods/Target Support Files/Pods-protoTests/Pods-protoTests-frameworks.sh\"\n";
			showEnvVarsInLog = 0;
		};
		C723F2470D3EC95C9A22B784 /* [CP] Check Pods Manifest.lock */ = {
			isa = PBXShellScriptBuildPhase;
			buildActionMask = 2147483647;
			files = (
			);
			inputPaths = (
			);
			name = "[CP] Check Pods Manifest.lock";
			outputPaths = (
			);
			runOnlyForDeploymentPostprocessing = 0;
			shellPath = /bin/sh;
			shellScript = "diff \"${PODS_ROOT}/../Podfile.lock\" \"${PODS_ROOT}/Manifest.lock\" > /dev/null\nif [[ $? != 0 ]] ; then\n    cat << EOM\nerror: The sandbox is not in sync with the Podfile.lock. Run 'pod install' or update your CocoaPods installation.\nEOM\n    exit 1\nfi\n";
			showEnvVarsInLog = 0;
		};
		D2133AF4C3FB6EE860D33F4A /* [CP] Copy Pods Resources */ = {
			isa = PBXShellScriptBuildPhase;
			buildActionMask = 2147483647;
			files = (
			);
			inputPaths = (
			);
			name = "[CP] Copy Pods Resources";
			outputPaths = (
			);
			runOnlyForDeploymentPostprocessing = 0;
			shellPath = /bin/sh;
			shellScript = "\"${SRCROOT}/proto/Configuration/Pods/Target Support Files/Pods-protoTests/Pods-protoTests-resources.sh\"\n";
			showEnvVarsInLog = 0;
		};
		E4DB31B41CA9C2F8D4A9689D /* [CP] Embed Pods Frameworks */ = {
			isa = PBXShellScriptBuildPhase;
			buildActionMask = 2147483647;
			files = (
			);
			inputPaths = (
			);
			name = "[CP] Embed Pods Frameworks";
			outputPaths = (
			);
			runOnlyForDeploymentPostprocessing = 0;
			shellPath = /bin/sh;
			shellScript = "\"${SRCROOT}/proto/Configuration/Pods/Target Support Files/Pods-proto/Pods-proto-frameworks.sh\"\n";
			showEnvVarsInLog = 0;
		};
/* End PBXShellScriptBuildPhase section */

/* Begin PBXSourcesBuildPhase section */
		B05A060A1DD5368400CE514D /* Sources */ = {
			isa = PBXSourcesBuildPhase;
			buildActionMask = 2147483647;
			files = (
				B05A06941DD5398100CE514D /* SingleImageSaver.swift in Sources */,
				B05A06921DD5398100CE514D /* PhotoLibraryAuthorizer.swift in Sources */,
				B05A06631DD5397000CE514D /* NextLevel+Additions.swift in Sources */,
				B05A069B1DD5398100CE514D /* ConfirmViewController.swift in Sources */,
				B05A06A21DD5398100CE514D /* MKRingProgressGroupButton.swift in Sources */,
				B05A06661DD5397000CE514D /* NextLevel.swift in Sources */,
				B05A06A31DD5398100CE514D /* MKRingProgressGroupResultsView.swift in Sources */,
				B05A06A01DD5398100CE514D /* ImageCell.swift in Sources */,
				B05A066E1DD5397700CE514D /* MKRingProgressView.swift in Sources */,
				B05A06671DD5397000CE514D /* NextLevelClip.swift in Sources */,
				B05A069D1DD5398100CE514D /* PhotoLibraryViewController.swift in Sources */,
				B05A066D1DD5397700CE514D /* MKGradientGenerator.swift in Sources */,
				B05A06141DD5368400CE514D /* ViewController.swift in Sources */,
				B05A06A71DD539A800CE514D /* VideoCameraViewController.swift in Sources */,
				B05A06121DD5368400CE514D /* AppDelegate.swift in Sources */,
				B05A06641DD5397000CE514D /* NextLevel+AVFoundation.swift in Sources */,
				B05A06961DD5398100CE514D /* UIViewExtensions.swift in Sources */,
				B05A06991DD5398100CE514D /* CameraViewController.swift in Sources */,
				B05A06931DD5398100CE514D /* SingleImageFetcher.swift in Sources */,
				B05A069F1DD5398100CE514D /* CropOverlay.swift in Sources */,
				B05A069E1DD5398100CE514D /* CameraView.swift in Sources */,
				B05A06681DD5397000CE514D /* NextLevelConfiguration.swift in Sources */,
				B05A06691DD5397000CE514D /* NextLevelSession.swift in Sources */,
				B05A06981DD5398100CE514D /* VolumeControl.swift in Sources */,
				B05A06A51DD5398100CE514D /* MKRingProgressGroupVotingView.swift in Sources */,
				B05A06901DD5398100CE514D /* CameraShot.swift in Sources */,
				B05A06911DD5398100CE514D /* ImageFetcher.swift in Sources */,
				B05A06A11DD5398100CE514D /* PermissionsView.swift in Sources */,
				B05A06951DD5398100CE514D /* UIButtonExtensions.swift in Sources */,
				B05A06651DD5397000CE514D /* NextLevel+Metadata.swift in Sources */,
				B05A06971DD5398100CE514D /* Utilities.swift in Sources */,
				B05A06A41DD5398100CE514D /* MKRingProgressGroupView.swift in Sources */,
				B05A069A1DD5398100CE514D /* CameraViewControllerConstraint.swift in Sources */,
				B05A068F1DD5398100CE514D /* CameraGlobals.swift in Sources */,
			);
			runOnlyForDeploymentPostprocessing = 0;
		};
		B05A061E1DD5368500CE514D /* Sources */ = {
			isa = PBXSourcesBuildPhase;
			buildActionMask = 2147483647;
			files = (
				B05A06271DD5368500CE514D /* protoTests.swift in Sources */,
			);
			runOnlyForDeploymentPostprocessing = 0;
		};
		B05A06291DD5368500CE514D /* Sources */ = {
			isa = PBXSourcesBuildPhase;
			buildActionMask = 2147483647;
			files = (
				B05A06321DD5368500CE514D /* protoUITests.swift in Sources */,
			);
			runOnlyForDeploymentPostprocessing = 0;
		};
/* End PBXSourcesBuildPhase section */

/* Begin PBXTargetDependency section */
		B05A06241DD5368500CE514D /* PBXTargetDependency */ = {
			isa = PBXTargetDependency;
			target = B05A060D1DD5368400CE514D /* proto */;
			targetProxy = B05A06231DD5368500CE514D /* PBXContainerItemProxy */;
		};
		B05A062F1DD5368500CE514D /* PBXTargetDependency */ = {
			isa = PBXTargetDependency;
			target = B05A060D1DD5368400CE514D /* proto */;
			targetProxy = B05A062E1DD5368500CE514D /* PBXContainerItemProxy */;
		};
/* End PBXTargetDependency section */

/* Begin PBXVariantGroup section */
		B05A06151DD5368400CE514D /* Main.storyboard */ = {
			isa = PBXVariantGroup;
			children = (
				B05A06161DD5368400CE514D /* Base */,
			);
			name = Main.storyboard;
			path = .;
			sourceTree = "<group>";
		};
		B05A061A1DD5368400CE514D /* LaunchScreen.storyboard */ = {
			isa = PBXVariantGroup;
			children = (
				B05A061B1DD5368400CE514D /* Base */,
			);
			name = LaunchScreen.storyboard;
			path = .;
			sourceTree = "<group>";
		};
/* End PBXVariantGroup section */

/* Begin XCBuildConfiguration section */
		B05A06341DD5368500CE514D /* Debug */ = {
			isa = XCBuildConfiguration;
			buildSettings = {
				ALWAYS_SEARCH_USER_PATHS = NO;
				CLANG_ANALYZER_NONNULL = YES;
				CLANG_CXX_LANGUAGE_STANDARD = "gnu++0x";
				CLANG_CXX_LIBRARY = "libc++";
				CLANG_ENABLE_MODULES = YES;
				CLANG_ENABLE_OBJC_ARC = YES;
				CLANG_WARN_BOOL_CONVERSION = YES;
				CLANG_WARN_CONSTANT_CONVERSION = YES;
				CLANG_WARN_DIRECT_OBJC_ISA_USAGE = YES_ERROR;
				CLANG_WARN_DOCUMENTATION_COMMENTS = YES;
				CLANG_WARN_EMPTY_BODY = YES;
				CLANG_WARN_ENUM_CONVERSION = YES;
				CLANG_WARN_INFINITE_RECURSION = YES;
				CLANG_WARN_INT_CONVERSION = YES;
				CLANG_WARN_OBJC_ROOT_CLASS = YES_ERROR;
				CLANG_WARN_SUSPICIOUS_MOVES = YES;
				CLANG_WARN_UNREACHABLE_CODE = YES;
				CLANG_WARN__DUPLICATE_METHOD_MATCH = YES;
				"CODE_SIGN_IDENTITY[sdk=iphoneos*]" = "iPhone Developer";
				COPY_PHASE_STRIP = NO;
				DEBUG_INFORMATION_FORMAT = dwarf;
				ENABLE_STRICT_OBJC_MSGSEND = YES;
				ENABLE_TESTABILITY = YES;
				GCC_C_LANGUAGE_STANDARD = gnu99;
				GCC_DYNAMIC_NO_PIC = NO;
				GCC_NO_COMMON_BLOCKS = YES;
				GCC_OPTIMIZATION_LEVEL = 0;
				GCC_PREPROCESSOR_DEFINITIONS = (
					"DEBUG=1",
					"$(inherited)",
				);
				GCC_WARN_64_TO_32_BIT_CONVERSION = YES;
				GCC_WARN_ABOUT_RETURN_TYPE = YES_ERROR;
				GCC_WARN_UNDECLARED_SELECTOR = YES;
				GCC_WARN_UNINITIALIZED_AUTOS = YES_AGGRESSIVE;
				GCC_WARN_UNUSED_FUNCTION = YES;
				GCC_WARN_UNUSED_VARIABLE = YES;
				IPHONEOS_DEPLOYMENT_TARGET = 10.1;
				MTL_ENABLE_DEBUG_INFO = YES;
				ONLY_ACTIVE_ARCH = YES;
				SDKROOT = iphoneos;
				SWIFT_ACTIVE_COMPILATION_CONDITIONS = DEBUG;
				SWIFT_OPTIMIZATION_LEVEL = "-Onone";
				TARGETED_DEVICE_FAMILY = "1,2";
			};
			name = Debug;
		};
		B05A06351DD5368500CE514D /* Release */ = {
			isa = XCBuildConfiguration;
			buildSettings = {
				ALWAYS_SEARCH_USER_PATHS = NO;
				CLANG_ANALYZER_NONNULL = YES;
				CLANG_CXX_LANGUAGE_STANDARD = "gnu++0x";
				CLANG_CXX_LIBRARY = "libc++";
				CLANG_ENABLE_MODULES = YES;
				CLANG_ENABLE_OBJC_ARC = YES;
				CLANG_WARN_BOOL_CONVERSION = YES;
				CLANG_WARN_CONSTANT_CONVERSION = YES;
				CLANG_WARN_DIRECT_OBJC_ISA_USAGE = YES_ERROR;
				CLANG_WARN_DOCUMENTATION_COMMENTS = YES;
				CLANG_WARN_EMPTY_BODY = YES;
				CLANG_WARN_ENUM_CONVERSION = YES;
				CLANG_WARN_INFINITE_RECURSION = YES;
				CLANG_WARN_INT_CONVERSION = YES;
				CLANG_WARN_OBJC_ROOT_CLASS = YES_ERROR;
				CLANG_WARN_SUSPICIOUS_MOVES = YES;
				CLANG_WARN_UNREACHABLE_CODE = YES;
				CLANG_WARN__DUPLICATE_METHOD_MATCH = YES;
				"CODE_SIGN_IDENTITY[sdk=iphoneos*]" = "iPhone Developer";
				COPY_PHASE_STRIP = NO;
				DEBUG_INFORMATION_FORMAT = "dwarf-with-dsym";
				ENABLE_NS_ASSERTIONS = NO;
				ENABLE_STRICT_OBJC_MSGSEND = YES;
				GCC_C_LANGUAGE_STANDARD = gnu99;
				GCC_NO_COMMON_BLOCKS = YES;
				GCC_WARN_64_TO_32_BIT_CONVERSION = YES;
				GCC_WARN_ABOUT_RETURN_TYPE = YES_ERROR;
				GCC_WARN_UNDECLARED_SELECTOR = YES;
				GCC_WARN_UNINITIALIZED_AUTOS = YES_AGGRESSIVE;
				GCC_WARN_UNUSED_FUNCTION = YES;
				GCC_WARN_UNUSED_VARIABLE = YES;
				IPHONEOS_DEPLOYMENT_TARGET = 10.1;
				MTL_ENABLE_DEBUG_INFO = NO;
				SDKROOT = iphoneos;
				SWIFT_OPTIMIZATION_LEVEL = "-Owholemodule";
				TARGETED_DEVICE_FAMILY = "1,2";
				VALIDATE_PRODUCT = YES;
			};
			name = Release;
		};
		B05A06371DD5368500CE514D /* Debug */ = {
			isa = XCBuildConfiguration;
			baseConfigurationReference = 0A685E5B5DDAD463821247BA /* Pods-proto.debug.xcconfig */;
			buildSettings = {
				ASSETCATALOG_COMPILER_APPICON_NAME = AppIcon;
				DEVELOPMENT_TEAM = 9L49SS68XP;
				INFOPLIST_FILE = proto/Configuration/Info.plist;
				LD_RUNPATH_SEARCH_PATHS = "$(inherited) @executable_path/Frameworks";
				PRODUCT_BUNDLE_IDENTIFIER = com.thexande.proto;
				PRODUCT_NAME = "$(TARGET_NAME)";
				SWIFT_VERSION = 3.0;
			};
			name = Debug;
		};
		B05A06381DD5368500CE514D /* Release */ = {
			isa = XCBuildConfiguration;
			baseConfigurationReference = EDDC1D1E7CEC64A24580297E /* Pods-proto.release.xcconfig */;
			buildSettings = {
				ASSETCATALOG_COMPILER_APPICON_NAME = AppIcon;
				DEVELOPMENT_TEAM = 9L49SS68XP;
				INFOPLIST_FILE = proto/Configuration/Info.plist;
				LD_RUNPATH_SEARCH_PATHS = "$(inherited) @executable_path/Frameworks";
				PRODUCT_BUNDLE_IDENTIFIER = com.thexande.proto;
				PRODUCT_NAME = "$(TARGET_NAME)";
				SWIFT_VERSION = 3.0;
			};
			name = Release;
		};
		B05A063A1DD5368500CE514D /* Debug */ = {
			isa = XCBuildConfiguration;
			baseConfigurationReference = 58E2F5A09AD812B577F0B8DD /* Pods-protoTests.debug.xcconfig */;
			buildSettings = {
				ALWAYS_EMBED_SWIFT_STANDARD_LIBRARIES = YES;
				BUNDLE_LOADER = "$(TEST_HOST)";
				DEVELOPMENT_TEAM = 9L49SS68XP;
				INFOPLIST_FILE = protoTests/Info.plist;
				LD_RUNPATH_SEARCH_PATHS = "$(inherited) @executable_path/Frameworks @loader_path/Frameworks";
				PRODUCT_BUNDLE_IDENTIFIER = com.thexande.protoTests;
				PRODUCT_NAME = "$(TARGET_NAME)";
				SWIFT_VERSION = 3.0;
				TEST_HOST = "$(BUILT_PRODUCTS_DIR)/proto.app/proto";
			};
			name = Debug;
		};
		B05A063B1DD5368500CE514D /* Release */ = {
			isa = XCBuildConfiguration;
			baseConfigurationReference = 0DC16FAB0E32EC01D79FC868 /* Pods-protoTests.release.xcconfig */;
			buildSettings = {
				ALWAYS_EMBED_SWIFT_STANDARD_LIBRARIES = YES;
				BUNDLE_LOADER = "$(TEST_HOST)";
				DEVELOPMENT_TEAM = 9L49SS68XP;
				INFOPLIST_FILE = protoTests/Info.plist;
				LD_RUNPATH_SEARCH_PATHS = "$(inherited) @executable_path/Frameworks @loader_path/Frameworks";
				PRODUCT_BUNDLE_IDENTIFIER = com.thexande.protoTests;
				PRODUCT_NAME = "$(TARGET_NAME)";
				SWIFT_VERSION = 3.0;
				TEST_HOST = "$(BUILT_PRODUCTS_DIR)/proto.app/proto";
			};
			name = Release;
		};
		B05A063D1DD5368500CE514D /* Debug */ = {
			isa = XCBuildConfiguration;
			baseConfigurationReference = A9301D5648DB4480A63C77F5 /* Pods-protoUITests.debug.xcconfig */;
			buildSettings = {
				ALWAYS_EMBED_SWIFT_STANDARD_LIBRARIES = YES;
				DEVELOPMENT_TEAM = 9L49SS68XP;
				INFOPLIST_FILE = protoUITests/Info.plist;
				LD_RUNPATH_SEARCH_PATHS = "$(inherited) @executable_path/Frameworks @loader_path/Frameworks";
				PRODUCT_BUNDLE_IDENTIFIER = com.thexande.protoUITests;
				PRODUCT_NAME = "$(TARGET_NAME)";
				SWIFT_VERSION = 3.0;
				TEST_TARGET_NAME = proto;
			};
			name = Debug;
		};
		B05A063E1DD5368500CE514D /* Release */ = {
			isa = XCBuildConfiguration;
			baseConfigurationReference = F288DDD949D591419079C4F9 /* Pods-protoUITests.release.xcconfig */;
			buildSettings = {
				ALWAYS_EMBED_SWIFT_STANDARD_LIBRARIES = YES;
				DEVELOPMENT_TEAM = 9L49SS68XP;
				INFOPLIST_FILE = protoUITests/Info.plist;
				LD_RUNPATH_SEARCH_PATHS = "$(inherited) @executable_path/Frameworks @loader_path/Frameworks";
				PRODUCT_BUNDLE_IDENTIFIER = com.thexande.protoUITests;
				PRODUCT_NAME = "$(TARGET_NAME)";
				SWIFT_VERSION = 3.0;
				TEST_TARGET_NAME = proto;
			};
			name = Release;
		};
/* End XCBuildConfiguration section */

/* Begin XCConfigurationList section */
		B05A06091DD5368400CE514D /* Build configuration list for PBXProject "proto" */ = {
			isa = XCConfigurationList;
			buildConfigurations = (
				B05A06341DD5368500CE514D /* Debug */,
				B05A06351DD5368500CE514D /* Release */,
			);
			defaultConfigurationIsVisible = 0;
			defaultConfigurationName = Release;
		};
		B05A06361DD5368500CE514D /* Build configuration list for PBXNativeTarget "proto" */ = {
			isa = XCConfigurationList;
			buildConfigurations = (
				B05A06371DD5368500CE514D /* Debug */,
				B05A06381DD5368500CE514D /* Release */,
			);
			defaultConfigurationIsVisible = 0;
			defaultConfigurationName = Release;
		};
		B05A06391DD5368500CE514D /* Build configuration list for PBXNativeTarget "protoTests" */ = {
			isa = XCConfigurationList;
			buildConfigurations = (
				B05A063A1DD5368500CE514D /* Debug */,
				B05A063B1DD5368500CE514D /* Release */,
			);
			defaultConfigurationIsVisible = 0;
			defaultConfigurationName = Release;
		};
		B05A063C1DD5368500CE514D /* Build configuration list for PBXNativeTarget "protoUITests" */ = {
			isa = XCConfigurationList;
			buildConfigurations = (
				B05A063D1DD5368500CE514D /* Debug */,
				B05A063E1DD5368500CE514D /* Release */,
			);
			defaultConfigurationIsVisible = 0;
			defaultConfigurationName = Release;
		};
/* End XCConfigurationList section */
	};
	rootObject = B05A06061DD5368400CE514D /* Project object */;
}
